
Microsoft Visual Studio Solution File, Format Version 12.00
# Visual Studio Version 16
VisualStudioVersion = 16.0.30320.27
MinimumVisualStudioVersion = 10.0.40219.1
Project("{FAE04EC0-301F-11D3-BF4B-00C04F79EFBC}") = "Notes Market Place", "Notes Market Place\Notes Market Place.csproj", "{67BA1812-387B-4B8B-BC97-A61A45FD9344}"
EndProject
Global
	GlobalSection(SolutionConfigurationPlatforms) = preSolution
		Debug|Any CPU = Debug|Any CPU
		Release|Any CPU = Release|Any CPU
	EndGlobalSection
	GlobalSection(ProjectConfigurationPlatforms) = postSolution
		{67BA1812-387B-4B8B-BC97-A61A45FD9344}.Debug|Any CPU.ActiveCfg = Debug|Any CPU
		{67BA1812-387B-4B8B-BC97-A61A45FD9344}.Debug|Any CPU.Build.0 = Debug|Any CPU
		{67BA1812-387B-4B8B-BC97-A61A45FD9344}.Release|Any CPU.ActiveCfg = Release|Any CPU
		{67BA1812-387B-4B8B-BC97-A61A45FD9344}.Release|Any CPU.Build.0 = Release|Any CPU
	EndGlobalSection
	GlobalSection(SolutionProperties) = preSolution
		HideSolutionNode = FALSE
	EndGlobalSection
	GlobalSection(ExtensibilityGlobals) = postSolution
		SolutionGuid = {79BA972F-D4A3-468F-890F-2B2BEE800B08}
	EndGlobalSection
EndGlobal
